
Microsoft Visual Studio Solution File, Format Version 12.00
# Visual Studio Version 16
VisualStudioVersion = 16.0.29306.81
MinimumVisualStudioVersion = 10.0.40219.1
Project("{FAE04EC0-301F-11D3-BF4B-00C04F79EFBC}") = "Electricity Bill Calculation", "Electricity Bill Calculation\Electricity Bill Calculation.csproj", "{AE95AA18-CDE5-489A-B098-93C1ADA6EF41}"
EndProject
Global
	GlobalSection(SolutionConfigurationPlatforms) = preSolution
		Debug|Any CPU = Debug|Any CPU
		Release|Any CPU = Release|Any CPU
	EndGlobalSection
	GlobalSection(ProjectConfigurationPlatforms) = postSolution
		{AE95AA18-CDE5-489A-B098-93C1ADA6EF41}.Debug|Any CPU.ActiveCfg = Debug|Any CPU
		{AE95AA18-CDE5-489A-B098-93C1ADA6EF41}.Debug|Any CPU.Build.0 = Debug|Any CPU
		{AE95AA18-CDE5-489A-B098-93C1ADA6EF41}.Release|Any CPU.ActiveCfg = Release|Any CPU
		{AE95AA18-CDE5-489A-B098-93C1ADA6EF41}.Release|Any CPU.Build.0 = Release|Any CPU
	EndGlobalSection
	GlobalSection(SolutionProperties) = preSolution
		HideSolutionNode = FALSE
	EndGlobalSection
	GlobalSection(ExtensibilityGlobals) = postSolution
		SolutionGuid = {F20D2E9D-9312-486F-8515-0A0FED2DDAB8}
	EndGlobalSection
EndGlobal
